{
  "name": "red-contrib-ontology",
  "version": "1.0.0",
  "lockfileVersion": 1,
  "dependencies": {
    "bessel": {
      "version": "0.2.0",
      "resolved": "https://registry.npmjs.org/bessel/-/bessel-0.2.0.tgz",
      "integrity": "sha1-E8s5zSkjMhnsLacl4LoMZvtGtvI=",
      "dev": true
    },
    "formulajs": {
      "version": "github:handsontable/formula.js#5ab1300324b07a0cf42970fbe74c0a186333f8e9",
      "dev": true
    },
    "handsontable": {
      "version": "0.33.0",
      "resolved": "https://registry.npmjs.org/handsontable/-/handsontable-0.33.0.tgz",
      "integrity": "sha1-PfQYBP0AqHizkEpHi/fvVPK8bZU=",
      "dev": true
    },
    "handsontable-pro": {
      "version": "git+ssh://git@handsontable/handsontable/handsontable-pro.git#492d7dfe2f8e70a46577efc644b779a060313349",
      "dev": true
    },
    "hot-formula-parser": {
      "version": "2.0.3",
      "resolved": "https://registry.npmjs.org/hot-formula-parser/-/hot-formula-parser-2.0.3.tgz",
      "integrity": "sha1-twh7bdRM2XEHrC55iMBXpI84hB8=",
      "dev": true
    },
    "jStat": {
      "version": "1.6.3",
      "resolved": "https://registry.npmjs.org/jStat/-/jStat-1.6.3.tgz",
      "integrity": "sha512-xpvb30U/GOFXYf0UtDtwQfaYfqhrq+eit+3AnNnrri3IWp2x7pVPDKCLt376GX5grU6ydyFdGYyl9pQi2MSwjw==",
      "dev": true
    },
    "moment": {
      "version": "2.18.1",
      "resolved": "https://registry.npmjs.org/moment/-/moment-2.18.1.tgz",
      "integrity": "sha1-w2GT3Tzhwu7SrbfIAtu8d6gbHA8=",
      "dev": true
    },
    "numbro": {
      "version": "1.11.0",
      "resolved": "https://registry.npmjs.org/numbro/-/numbro-1.11.0.tgz",
      "integrity": "sha1-OaoXs1i0aCrsjKDVdV81xdnOj54=",
      "dev": true
    },
    "pikaday": {
      "version": "1.5.1",
      "resolved": "https://registry.npmjs.org/pikaday/-/pikaday-1.5.1.tgz",
      "integrity": "sha1-CkhUm8GhTqHQjEQHTXYbwvK/z9M=",
      "dev": true
    },
    "tiny-emitter": {
      "version": "1.2.0",
      "resolved": "https://registry.npmjs.org/tiny-emitter/-/tiny-emitter-1.2.0.tgz",
      "integrity": "sha1-bchFBSywjr78GHRyO1jySmSMO28=",
      "dev": true
    },
    "voc": {
      "version": "0.5.0",
      "resolved": "https://registry.npmjs.org/voc/-/voc-0.5.0.tgz",
      "integrity": "sha1-vmynx25KV9kwzID2sx+9gMqGBFw=",
      "dev": true
    }
  }
}
